// !$*UTF8*$!
{
	archiveVersion = 1;
	classes = {
	};
	objectVersion = 50;
	objects = {

/* Begin PBXBuildFile section */
		04847315F68B9F04CD7C5F67 /* libPods-KhurramLineStatusAppTests.a in Frameworks */ = {isa = PBXBuildFile; fileRef = 95FDA74E4B7CBA7997526AAF /* libPods-KhurramLineStatusAppTests.a */; };
		2E608C828AFB92D3F45CDBA6 /* libPods-KhurramLineStatusAppUITests.a in Frameworks */ = {isa = PBXBuildFile; fileRef = 75C7B8D34E520EE7A8C0C20B /* libPods-KhurramLineStatusAppUITests.a */; };
		496F4829543455F3362E6D8D /* libPods-KhurramLineStatusApp.a in Frameworks */ = {isa = PBXBuildFile; fileRef = E16602E3A9E89669A60AB4C1 /* libPods-KhurramLineStatusApp.a */; };
		8E16BA6921340C5E002BF443 /* Johnston100-Thin.otf in Resources */ = {isa = PBXBuildFile; fileRef = 8E16BA6421340C5E002BF443 /* Johnston100-Thin.otf */; };
		8E16BA6A21340C5E002BF443 /* Johnston100-Regular.otf in Resources */ = {isa = PBXBuildFile; fileRef = 8E16BA6521340C5E002BF443 /* Johnston100-Regular.otf */; };
		8E16BA6B21340C5E002BF443 /* Johnston100-Hairline.otf in Resources */ = {isa = PBXBuildFile; fileRef = 8E16BA6621340C5E002BF443 /* Johnston100-Hairline.otf */; };
		8E16BA6C21340C5E002BF443 /* Johnston100-Light.otf in Resources */ = {isa = PBXBuildFile; fileRef = 8E16BA6721340C5E002BF443 /* Johnston100-Light.otf */; };
		8E16BA6D21340C5E002BF443 /* Johnston100-Medium.otf in Resources */ = {isa = PBXBuildFile; fileRef = 8E16BA6821340C5E002BF443 /* Johnston100-Medium.otf */; };
		8E3DA290213464D3007EC446 /* Shared.swift in Sources */ = {isa = PBXBuildFile; fileRef = 8E3DA28F213464D3007EC446 /* Shared.swift */; };
		8E3DA29221346569007EC446 /* ComplexCardPart.swift in Sources */ = {isa = PBXBuildFile; fileRef = 8E3DA29121346569007EC446 /* ComplexCardPart.swift */; };
		8E3DC3CD21442B2500CD122B /* DisruptionBuilderTests.swift in Sources */ = {isa = PBXBuildFile; fileRef = 8E3DC3CC21442B2500CD122B /* DisruptionBuilderTests.swift */; };
		8E3DC3D12144375600CD122B /* LineRouteViewController.swift in Sources */ = {isa = PBXBuildFile; fileRef = 8E3DC3D02144375600CD122B /* LineRouteViewController.swift */; };
		8E4E0830213437C900C702EA /* Card.swift in Sources */ = {isa = PBXBuildFile; fileRef = 8E4E082F213437C900C702EA /* Card.swift */; };
		8E4E083521343DB000C702EA /* CardPart.swift in Sources */ = {isa = PBXBuildFile; fileRef = 8E4E083421343DB000C702EA /* CardPart.swift */; };
		8E4E083E2134638F00C702EA /* OverallStatusCard.swift in Sources */ = {isa = PBXBuildFile; fileRef = 8E4E083B2134638F00C702EA /* OverallStatusCard.swift */; };
		8E4E083F2134638F00C702EA /* SimpleTextCardPart.swift in Sources */ = {isa = PBXBuildFile; fileRef = 8E4E083C2134638F00C702EA /* SimpleTextCardPart.swift */; };
		8E7A139221283C840097D9B6 /* AppDelegate.swift in Sources */ = {isa = PBXBuildFile; fileRef = 8E7A139121283C840097D9B6 /* AppDelegate.swift */; };
		8E7A139421283C840097D9B6 /* InitController.swift in Sources */ = {isa = PBXBuildFile; fileRef = 8E7A139321283C840097D9B6 /* InitController.swift */; };
		8E7A139721283C840097D9B6 /* Main.storyboard in Resources */ = {isa = PBXBuildFile; fileRef = 8E7A139521283C840097D9B6 /* Main.storyboard */; settings = {ASSET_TAGS = (NoInternetViewController, ); }; };
		8E7A139A21283C840097D9B6 /* KhurramLineStatusApp.xcdatamodeld in Sources */ = {isa = PBXBuildFile; fileRef = 8E7A139821283C840097D9B6 /* KhurramLineStatusApp.xcdatamodeld */; };
		8E7A139C21283C860097D9B6 /* Assets.xcassets in Resources */ = {isa = PBXBuildFile; fileRef = 8E7A139B21283C860097D9B6 /* Assets.xcassets */; };
		8E7A139F21283C860097D9B6 /* LaunchScreen.storyboard in Resources */ = {isa = PBXBuildFile; fileRef = 8E7A139D21283C860097D9B6 /* LaunchScreen.storyboard */; };
		8E7A13B521283C860097D9B6 /* KhurramLineStatusAppUITests.swift in Sources */ = {isa = PBXBuildFile; fileRef = 8E7A13B421283C860097D9B6 /* KhurramLineStatusAppUITests.swift */; };
		8E7A13DB21283FDA0097D9B6 /* LineStatusViewController.swift in Sources */ = {isa = PBXBuildFile; fileRef = 8E7A13DA21283FDA0097D9B6 /* LineStatusViewController.swift */; };
		8E9464C9213434BA0015022B /* ServiceType.swift in Sources */ = {isa = PBXBuildFile; fileRef = 8E9464C3213434B90015022B /* ServiceType.swift */; };
		8E9464CA213434BA0015022B /* Line.swift in Sources */ = {isa = PBXBuildFile; fileRef = 8E9464C4213434B90015022B /* Line.swift */; };
		8E9464CB213434BA0015022B /* AffectedRoute.swift in Sources */ = {isa = PBXBuildFile; fileRef = 8E9464C5213434B90015022B /* AffectedRoute.swift */; };
		8E9464CC213434BA0015022B /* Disruption.swift in Sources */ = {isa = PBXBuildFile; fileRef = 8E9464C6213434BA0015022B /* Disruption.swift */; };
		8E9464CD213434BA0015022B /* NetworkStatus.swift in Sources */ = {isa = PBXBuildFile; fileRef = 8E9464C7213434BA0015022B /* NetworkStatus.swift */; };
		8E9464CE213434BA0015022B /* LineStatus.swift in Sources */ = {isa = PBXBuildFile; fileRef = 8E9464C8213434BA0015022B /* LineStatus.swift */; };
		8E9464D0213434E70015022B /* ApiService.swift in Sources */ = {isa = PBXBuildFile; fileRef = 8E9464CF213434E70015022B /* ApiService.swift */; };
		8E9464D52134352A0015022B /* CardPack.swift in Sources */ = {isa = PBXBuildFile; fileRef = 8E9464D12134352A0015022B /* CardPack.swift */; };
		8E9464D72134352A0015022B /* CardGroup.swift in Sources */ = {isa = PBXBuildFile; fileRef = 8E9464D32134352A0015022B /* CardGroup.swift */; };
		8E9464D82134352A0015022B /* LineMessageCard.swift in Sources */ = {isa = PBXBuildFile; fileRef = 8E9464D42134352A0015022B /* LineMessageCard.swift */; };
		8E9464DC213435550015022B /* ColorExtensions.swift in Sources */ = {isa = PBXBuildFile; fileRef = 8E9464D9213435550015022B /* ColorExtensions.swift */; };
		8E9464DD213435550015022B /* LabelExtensions.swift in Sources */ = {isa = PBXBuildFile; fileRef = 8E9464DA213435550015022B /* LabelExtensions.swift */; };
		8E9464DE213435560015022B /* LayerExtensions.swift in Sources */ = {isa = PBXBuildFile; fileRef = 8E9464DB213435550015022B /* LayerExtensions.swift */; };
		8EA9BDE421372A2F0060E8AD /* LineStatusTableHelpers.swift in Sources */ = {isa = PBXBuildFile; fileRef = 8EA9BDE321372A2F0060E8AD /* LineStatusTableHelpers.swift */; };
		8EA9BDE621372D6B0060E8AD /* OverallGoodStatusCard.swift in Sources */ = {isa = PBXBuildFile; fileRef = 8EA9BDE521372D6B0060E8AD /* OverallGoodStatusCard.swift */; };
		8EA9BDE821372E230060E8AD /* OverallGoodStatusServiceModesCard.swift in Sources */ = {isa = PBXBuildFile; fileRef = 8EA9BDE721372E230060E8AD /* OverallGoodStatusServiceModesCard.swift */; };
		8EA9BDEA21373A8B0060E8AD /* FontExtensions.swift in Sources */ = {isa = PBXBuildFile; fileRef = 8EA9BDE921373A8B0060E8AD /* FontExtensions.swift */; };
		8EABE0C5213AF834003DF0F7 /* CardPartsMessages.swift in Sources */ = {isa = PBXBuildFile; fileRef = 8EABE0C4213AF834003DF0F7 /* CardPartsMessages.swift */; };
		8EAD0876213BECAF0080AC75 /* Injector.swift in Sources */ = {isa = PBXBuildFile; fileRef = 8EAD0875213BECAF0080AC75 /* Injector.swift */; };
		8EAD0878213BFF650080AC75 /* Requesable.swift in Sources */ = {isa = PBXBuildFile; fileRef = 8EAD0877213BFF650080AC75 /* Requesable.swift */; };
		8EAD087A213C010F0080AC75 /* ApiEndPointUrls.swift in Sources */ = {isa = PBXBuildFile; fileRef = 8EAD0879213C010F0080AC75 /* ApiEndPointUrls.swift */; };
		8EAD087C213C04340080AC75 /* DisruptionsConstructor.swift in Sources */ = {isa = PBXBuildFile; fileRef = 8EAD087B213C04340080AC75 /* DisruptionsConstructor.swift */; };
		8EAD087E213C048D0080AC75 /* GoodServicesConstructor.swift in Sources */ = {isa = PBXBuildFile; fileRef = 8EAD087D213C048D0080AC75 /* GoodServicesConstructor.swift */; };
		8EB0D6CC21432571005AA004 /* LocalJsonFileReader.swift in Sources */ = {isa = PBXBuildFile; fileRef = 8EB0D6CB21432571005AA004 /* LocalJsonFileReader.swift */; };
		8EB0D6CD21432958005AA004 /* ApiLineStatusViewModel.swift in Sources */ = {isa = PBXBuildFile; fileRef = 8EE42DEC2131BF3C00631B36 /* ApiLineStatusViewModel.swift */; };
		8EB0D6CE2143296C005AA004 /* Line.swift in Sources */ = {isa = PBXBuildFile; fileRef = 8E9464C4213434B90015022B /* Line.swift */; };
		8EB0D6CF2143296F005AA004 /* LineStatus.swift in Sources */ = {isa = PBXBuildFile; fileRef = 8E9464C8213434BA0015022B /* LineStatus.swift */; };
		8EB0D6D021432973005AA004 /* NetworkStatus.swift in Sources */ = {isa = PBXBuildFile; fileRef = 8E9464C7213434BA0015022B /* NetworkStatus.swift */; };
		8EB0D6D121432977005AA004 /* ServiceType.swift in Sources */ = {isa = PBXBuildFile; fileRef = 8E9464C3213434B90015022B /* ServiceType.swift */; };
		8EB0D6D22143297A005AA004 /* AffectedRoute.swift in Sources */ = {isa = PBXBuildFile; fileRef = 8E9464C5213434B90015022B /* AffectedRoute.swift */; };
		8EB0D6D3214329F2005AA004 /* DistruptionsBuilder.swift in Sources */ = {isa = PBXBuildFile; fileRef = 8EC01D162132BC280060E8FE /* DistruptionsBuilder.swift */; };
		8EB0D6D4214329F5005AA004 /* LineStatusBuilder.swift in Sources */ = {isa = PBXBuildFile; fileRef = 8EE42DFB2131C3B300631B36 /* LineStatusBuilder.swift */; };
		8EB0D6D5214329FB005AA004 /* GoodServicesBuilder.swift in Sources */ = {isa = PBXBuildFile; fileRef = 8EC01D182132BDD40060E8FE /* GoodServicesBuilder.swift */; };
		8EB0D6D621432A8B005AA004 /* LineStatusViewModel.swift in Sources */ = {isa = PBXBuildFile; fileRef = 8EE42DD62131B91100631B36 /* LineStatusViewModel.swift */; };
		8EB0D6D721432BA2005AA004 /* CardPack.swift in Sources */ = {isa = PBXBuildFile; fileRef = 8E9464D12134352A0015022B /* CardPack.swift */; };
		8EB0D6D821432BA5005AA004 /* ComplexCardPart.swift in Sources */ = {isa = PBXBuildFile; fileRef = 8E3DA29121346569007EC446 /* ComplexCardPart.swift */; };
		8EB0D6D921432BA8005AA004 /* OverallStatusCard.swift in Sources */ = {isa = PBXBuildFile; fileRef = 8E4E083B2134638F00C702EA /* OverallStatusCard.swift */; };
		8EB0D6DA21432BAB005AA004 /* SimpleTextCardPart.swift in Sources */ = {isa = PBXBuildFile; fileRef = 8E4E083C2134638F00C702EA /* SimpleTextCardPart.swift */; };
		8EB0D6DB21432BAE005AA004 /* LineMessageCard.swift in Sources */ = {isa = PBXBuildFile; fileRef = 8E9464D42134352A0015022B /* LineMessageCard.swift */; };
		8EB0D6DC21432BB1005AA004 /* CardGroup.swift in Sources */ = {isa = PBXBuildFile; fileRef = 8E9464D32134352A0015022B /* CardGroup.swift */; };
		8EB0D6DD21432BB5005AA004 /* OverallGoodStatusCard.swift in Sources */ = {isa = PBXBuildFile; fileRef = 8EA9BDE521372D6B0060E8AD /* OverallGoodStatusCard.swift */; };
		8EB0D6DE21432BB8005AA004 /* OverallGoodStatusServiceModesCard.swift in Sources */ = {isa = PBXBuildFile; fileRef = 8EA9BDE721372E230060E8AD /* OverallGoodStatusServiceModesCard.swift */; };
		8EB0D6DF21432BBC005AA004 /* CardPartsMessages.swift in Sources */ = {isa = PBXBuildFile; fileRef = 8EABE0C4213AF834003DF0F7 /* CardPartsMessages.swift */; };
		8EB0D6E021432C54005AA004 /* Card.swift in Sources */ = {isa = PBXBuildFile; fileRef = 8E4E082F213437C900C702EA /* Card.swift */; };
		8EB0D6E121432C58005AA004 /* CardPart.swift in Sources */ = {isa = PBXBuildFile; fileRef = 8E4E083421343DB000C702EA /* CardPart.swift */; };
		8EB0D6E221432C5B005AA004 /* Requesable.swift in Sources */ = {isa = PBXBuildFile; fileRef = 8EAD0877213BFF650080AC75 /* Requesable.swift */; };
		8EB0D6E321432C5F005AA004 /* ApiEndPointUrls.swift in Sources */ = {isa = PBXBuildFile; fileRef = 8EAD0879213C010F0080AC75 /* ApiEndPointUrls.swift */; };
		8EB0D6E421432C63005AA004 /* DisruptionsConstructor.swift in Sources */ = {isa = PBXBuildFile; fileRef = 8EAD087B213C04340080AC75 /* DisruptionsConstructor.swift */; };
		8EB0D6E521432C66005AA004 /* GoodServicesConstructor.swift in Sources */ = {isa = PBXBuildFile; fileRef = 8EAD087D213C048D0080AC75 /* GoodServicesConstructor.swift */; };
		8EB0D6E621432C7F005AA004 /* SeverityCodes.swift in Sources */ = {isa = PBXBuildFile; fileRef = 8EE42DDA2131BD0400631B36 /* SeverityCodes.swift */; };
		8EB0D6E721432C82005AA004 /* CardPackStyles.swift in Sources */ = {isa = PBXBuildFile; fileRef = 8EE42DDC2131BE3E00631B36 /* CardPackStyles.swift */; };
		8EB0D6E821432C86005AA004 /* CardGroupStyles.swift in Sources */ = {isa = PBXBuildFile; fileRef = 8EE42DDE2131BE5C00631B36 /* CardGroupStyles.swift */; };
		8EB0D6E921432C89005AA004 /* CardPartStyles.swift in Sources */ = {isa = PBXBuildFile; fileRef = 8EE42DE02131BE7A00631B36 /* CardPartStyles.swift */; };
		8EB0D6EA21432C8B005AA004 /* CardStyles.swift in Sources */ = {isa = PBXBuildFile; fileRef = 8EE42DE22131BE9900631B36 /* CardStyles.swift */; };
		8EB0D6EB21432C8E005AA004 /* ServiceTypes.swift in Sources */ = {isa = PBXBuildFile; fileRef = 8EE42DF62131C2C700631B36 /* ServiceTypes.swift */; };
		8EB0D6EC21432CA3005AA004 /* Disruption.swift in Sources */ = {isa = PBXBuildFile; fileRef = 8E9464C6213434BA0015022B /* Disruption.swift */; };
		8EB0D6ED21432CD3005AA004 /* ApiLineStatusViewModelBuilder.swift in Sources */ = {isa = PBXBuildFile; fileRef = 8EC226062131821C00C1B37B /* ApiLineStatusViewModelBuilder.swift */; };
		8EB0D6EE21432D0C005AA004 /* ApiService.swift in Sources */ = {isa = PBXBuildFile; fileRef = 8E9464CF213434E70015022B /* ApiService.swift */; };
		8EB0D6EF21432D28005AA004 /* ApiEndPoints.swift in Sources */ = {isa = PBXBuildFile; fileRef = 8EE91817213433B10090C280 /* ApiEndPoints.swift */; };
		8EB0D6F021432D2B005AA004 /* JsonClient.swift in Sources */ = {isa = PBXBuildFile; fileRef = 8EE91816213433B00090C280 /* JsonClient.swift */; };
		8EB0D6F22143307E005AA004 /* GoodServiceTests.swift in Sources */ = {isa = PBXBuildFile; fileRef = 8E7A13A921283C860097D9B6 /* GoodServiceTests.swift */; };
		8EB4BE002143D872006E4AB5 /* disruptions.json in Resources */ = {isa = PBXBuildFile; fileRef = 8EB4BDFF2143D872006E4AB5 /* disruptions.json */; };
		8EB4BE012143D872006E4AB5 /* disruptions.json in Resources */ = {isa = PBXBuildFile; fileRef = 8EB4BDFF2143D872006E4AB5 /* disruptions.json */; };
		8EB4BE032143DA85006E4AB5 /* good-service.json in Resources */ = {isa = PBXBuildFile; fileRef = 8EB4BE022143DA85006E4AB5 /* good-service.json */; };
		8EB4BE042143DA85006E4AB5 /* good-service.json in Resources */ = {isa = PBXBuildFile; fileRef = 8EB4BE022143DA85006E4AB5 /* good-service.json */; };
		8EB4BE062143DAE4006E4AB5 /* TestHelpers.swift in Sources */ = {isa = PBXBuildFile; fileRef = 8EB4BE052143DAE4006E4AB5 /* TestHelpers.swift */; };
		8EC01D172132BC280060E8FE /* DistruptionsBuilder.swift in Sources */ = {isa = PBXBuildFile; fileRef = 8EC01D162132BC280060E8FE /* DistruptionsBuilder.swift */; };
		8EC01D192132BDD40060E8FE /* GoodServicesBuilder.swift in Sources */ = {isa = PBXBuildFile; fileRef = 8EC01D182132BDD40060E8FE /* GoodServicesBuilder.swift */; };
		8EC01D242132FAAF0060E8FE /* LineStatusTable.swift in Sources */ = {isa = PBXBuildFile; fileRef = 8EC01D232132FAAF0060E8FE /* LineStatusTable.swift */; };
		8EC01D28213309720060E8FE /* LineStatusTabelCell.swift in Sources */ = {isa = PBXBuildFile; fileRef = 8EC01D27213309720060E8FE /* LineStatusTabelCell.swift */; };
		8EC01D2B2133098E0060E8FE /* LineStatusCellField.swift in Sources */ = {isa = PBXBuildFile; fileRef = 8EC01D2A2133098E0060E8FE /* LineStatusCellField.swift */; };
		8EC226072131821C00C1B37B /* ApiLineStatusViewModelBuilder.swift in Sources */ = {isa = PBXBuildFile; fileRef = 8EC226062131821C00C1B37B /* ApiLineStatusViewModelBuilder.swift */; };
		8EE42DD72131B91100631B36 /* LineStatusViewModel.swift in Sources */ = {isa = PBXBuildFile; fileRef = 8EE42DD62131B91100631B36 /* LineStatusViewModel.swift */; };
		8EE42DDB2131BD0400631B36 /* SeverityCodes.swift in Sources */ = {isa = PBXBuildFile; fileRef = 8EE42DDA2131BD0400631B36 /* SeverityCodes.swift */; };
		8EE42DDD2131BE3E00631B36 /* CardPackStyles.swift in Sources */ = {isa = PBXBuildFile; fileRef = 8EE42DDC2131BE3E00631B36 /* CardPackStyles.swift */; };
		8EE42DDF2131BE5C00631B36 /* CardGroupStyles.swift in Sources */ = {isa = PBXBuildFile; fileRef = 8EE42DDE2131BE5C00631B36 /* CardGroupStyles.swift */; };
		8EE42DE12131BE7A00631B36 /* CardPartStyles.swift in Sources */ = {isa = PBXBuildFile; fileRef = 8EE42DE02131BE7A00631B36 /* CardPartStyles.swift */; };
		8EE42DE32131BE9900631B36 /* CardStyles.swift in Sources */ = {isa = PBXBuildFile; fileRef = 8EE42DE22131BE9900631B36 /* CardStyles.swift */; };
		8EE42DED2131BF3C00631B36 /* ApiLineStatusViewModel.swift in Sources */ = {isa = PBXBuildFile; fileRef = 8EE42DEC2131BF3C00631B36 /* ApiLineStatusViewModel.swift */; };
		8EE42DF72131C2C700631B36 /* ServiceTypes.swift in Sources */ = {isa = PBXBuildFile; fileRef = 8EE42DF62131C2C700631B36 /* ServiceTypes.swift */; };
		8EE42DFC2131C3B300631B36 /* LineStatusBuilder.swift in Sources */ = {isa = PBXBuildFile; fileRef = 8EE42DFB2131C3B300631B36 /* LineStatusBuilder.swift */; };
		8EE8F977214551AD00A86A50 /* NoInternetViewController.swift in Sources */ = {isa = PBXBuildFile; fileRef = 8EE8F976214551AD00A86A50 /* NoInternetViewController.swift */; };
		8EE91818213433B10090C280 /* JsonClient.swift in Sources */ = {isa = PBXBuildFile; fileRef = 8EE91816213433B00090C280 /* JsonClient.swift */; };
		8EE91819213433B10090C280 /* ApiEndPoints.swift in Sources */ = {isa = PBXBuildFile; fileRef = 8EE91817213433B10090C280 /* ApiEndPoints.swift */; };
/* End PBXBuildFile section */

/* Begin PBXContainerItemProxy section */
		8E7A13A621283C860097D9B6 /* PBXContainerItemProxy */ = {
			isa = PBXContainerItemProxy;
			containerPortal = 8E7A138621283C840097D9B6 /* Project object */;
			proxyType = 1;
			remoteGlobalIDString = 8E7A138D21283C840097D9B6;
			remoteInfo = KhurramLineStatusApp;
		};
		8E7A13B121283C860097D9B6 /* PBXContainerItemProxy */ = {
			isa = PBXContainerItemProxy;
			containerPortal = 8E7A138621283C840097D9B6 /* Project object */;
			proxyType = 1;
			remoteGlobalIDString = 8E7A138D21283C840097D9B6;
			remoteInfo = KhurramLineStatusApp;
		};
/* End PBXContainerItemProxy section */

/* Begin PBXFileReference section */
		5569BB3AD8C1BEAFF87224B7 /* Pods-KhurramLineStatusAppUITests.debug.xcconfig */ = {isa = PBXFileReference; includeInIndex = 1; lastKnownFileType = text.xcconfig; name = "Pods-KhurramLineStatusAppUITests.debug.xcconfig"; path = "Pods/Target Support Files/Pods-KhurramLineStatusAppUITests/Pods-KhurramLineStatusAppUITests.debug.xcconfig"; sourceTree = "<group>"; };
		75C7B8D34E520EE7A8C0C20B /* libPods-KhurramLineStatusAppUITests.a */ = {isa = PBXFileReference; explicitFileType = archive.ar; includeInIndex = 0; path = "libPods-KhurramLineStatusAppUITests.a"; sourceTree = BUILT_PRODUCTS_DIR; };
		771AB1C99E6558FA0D554BDF /* Pods-KhurramLineStatusApp.release.xcconfig */ = {isa = PBXFileReference; includeInIndex = 1; lastKnownFileType = text.xcconfig; name = "Pods-KhurramLineStatusApp.release.xcconfig"; path = "Pods/Target Support Files/Pods-KhurramLineStatusApp/Pods-KhurramLineStatusApp.release.xcconfig"; sourceTree = "<group>"; };
		8E16BA6421340C5E002BF443 /* Johnston100-Thin.otf */ = {isa = PBXFileReference; lastKnownFileType = file; name = "Johnston100-Thin.otf"; path = "../../../../../workplace/line-status-tfl-gov-uk/Source/tfl.linestatus.component/wwwroot/fonts/OTF/Johnston100-Thin.otf"; sourceTree = "<group>"; };
		8E16BA6521340C5E002BF443 /* Johnston100-Regular.otf */ = {isa = PBXFileReference; lastKnownFileType = file; name = "Johnston100-Regular.otf"; path = "../../../../../workplace/line-status-tfl-gov-uk/Source/tfl.linestatus.component/wwwroot/fonts/OTF/Johnston100-Regular.otf"; sourceTree = "<group>"; };
		8E16BA6621340C5E002BF443 /* Johnston100-Hairline.otf */ = {isa = PBXFileReference; lastKnownFileType = file; name = "Johnston100-Hairline.otf"; path = "../../../../../workplace/line-status-tfl-gov-uk/Source/tfl.linestatus.component/wwwroot/fonts/OTF/Johnston100-Hairline.otf"; sourceTree = "<group>"; };
		8E16BA6721340C5E002BF443 /* Johnston100-Light.otf */ = {isa = PBXFileReference; lastKnownFileType = file; name = "Johnston100-Light.otf"; path = "../../../../../workplace/line-status-tfl-gov-uk/Source/tfl.linestatus.component/wwwroot/fonts/OTF/Johnston100-Light.otf"; sourceTree = "<group>"; };
		8E16BA6821340C5E002BF443 /* Johnston100-Medium.otf */ = {isa = PBXFileReference; lastKnownFileType = file; name = "Johnston100-Medium.otf"; path = "../../../../../workplace/line-status-tfl-gov-uk/Source/tfl.linestatus.component/wwwroot/fonts/OTF/Johnston100-Medium.otf"; sourceTree = "<group>"; };
		8E3DA28F213464D3007EC446 /* Shared.swift */ = {isa = PBXFileReference; lastKnownFileType = sourcecode.swift; path = Shared.swift; sourceTree = "<group>"; };
		8E3DA29121346569007EC446 /* ComplexCardPart.swift */ = {isa = PBXFileReference; fileEncoding = 4; lastKnownFileType = sourcecode.swift; name = ComplexCardPart.swift; path = Entities/ComplexCardPart.swift; sourceTree = "<group>"; };
		8E3DC3CC21442B2500CD122B /* DisruptionBuilderTests.swift */ = {isa = PBXFileReference; lastKnownFileType = sourcecode.swift; path = DisruptionBuilderTests.swift; sourceTree = "<group>"; };
		8E3DC3D02144375600CD122B /* LineRouteViewController.swift */ = {isa = PBXFileReference; lastKnownFileType = sourcecode.swift; path = LineRouteViewController.swift; sourceTree = "<group>"; };
		8E4E082F213437C900C702EA /* Card.swift */ = {isa = PBXFileReference; lastKnownFileType = sourcecode.swift; path = Card.swift; sourceTree = "<group>"; };
		8E4E083421343DB000C702EA /* CardPart.swift */ = {isa = PBXFileReference; lastKnownFileType = sourcecode.swift; path = CardPart.swift; sourceTree = "<group>"; };
		8E4E083B2134638F00C702EA /* OverallStatusCard.swift */ = {isa = PBXFileReference; fileEncoding = 4; lastKnownFileType = sourcecode.swift; name = OverallStatusCard.swift; path = Entities/OverallStatusCard.swift; sourceTree = "<group>"; };
		8E4E083C2134638F00C702EA /* SimpleTextCardPart.swift */ = {isa = PBXFileReference; fileEncoding = 4; lastKnownFileType = sourcecode.swift; name = SimpleTextCardPart.swift; path = Entities/SimpleTextCardPart.swift; sourceTree = "<group>"; };
		8E7A138E21283C840097D9B6 /* KhurramLineStatusApp.app */ = {isa = PBXFileReference; explicitFileType = wrapper.application; includeInIndex = 0; path = KhurramLineStatusApp.app; sourceTree = BUILT_PRODUCTS_DIR; };
		8E7A139121283C840097D9B6 /* AppDelegate.swift */ = {isa = PBXFileReference; lastKnownFileType = sourcecode.swift; path = AppDelegate.swift; sourceTree = "<group>"; };
		8E7A139321283C840097D9B6 /* InitController.swift */ = {isa = PBXFileReference; lastKnownFileType = sourcecode.swift; path = InitController.swift; sourceTree = "<group>"; };
		8E7A139621283C840097D9B6 /* Base */ = {isa = PBXFileReference; lastKnownFileType = file.storyboard; name = Base; path = Base.lproj/Main.storyboard; sourceTree = "<group>"; };
		8E7A139921283C840097D9B6 /* KhurramLineStatusApp.xcdatamodel */ = {isa = PBXFileReference; lastKnownFileType = wrapper.xcdatamodel; path = KhurramLineStatusApp.xcdatamodel; sourceTree = "<group>"; };
		8E7A139B21283C860097D9B6 /* Assets.xcassets */ = {isa = PBXFileReference; lastKnownFileType = folder.assetcatalog; path = Assets.xcassets; sourceTree = "<group>"; };
		8E7A139E21283C860097D9B6 /* Base */ = {isa = PBXFileReference; lastKnownFileType = file.storyboard; name = Base; path = Base.lproj/LaunchScreen.storyboard; sourceTree = "<group>"; };
		8E7A13A021283C860097D9B6 /* Info.plist */ = {isa = PBXFileReference; lastKnownFileType = text.plist.xml; path = Info.plist; sourceTree = "<group>"; };
		8E7A13A521283C860097D9B6 /* KhurramLineStatusAppTests.xctest */ = {isa = PBXFileReference; explicitFileType = wrapper.cfbundle; includeInIndex = 0; path = KhurramLineStatusAppTests.xctest; sourceTree = BUILT_PRODUCTS_DIR; };
		8E7A13A921283C860097D9B6 /* GoodServiceTests.swift */ = {isa = PBXFileReference; lastKnownFileType = sourcecode.swift; path = GoodServiceTests.swift; sourceTree = "<group>"; };
		8E7A13AB21283C860097D9B6 /* Info.plist */ = {isa = PBXFileReference; lastKnownFileType = text.plist.xml; path = Info.plist; sourceTree = "<group>"; };
		8E7A13B021283C860097D9B6 /* KhurramLineStatusAppUITests.xctest */ = {isa = PBXFileReference; explicitFileType = wrapper.cfbundle; includeInIndex = 0; path = KhurramLineStatusAppUITests.xctest; sourceTree = BUILT_PRODUCTS_DIR; };
		8E7A13B421283C860097D9B6 /* KhurramLineStatusAppUITests.swift */ = {isa = PBXFileReference; lastKnownFileType = sourcecode.swift; path = KhurramLineStatusAppUITests.swift; sourceTree = "<group>"; };
		8E7A13B621283C860097D9B6 /* Info.plist */ = {isa = PBXFileReference; lastKnownFileType = text.plist.xml; path = Info.plist; sourceTree = "<group>"; };
		8E7A13DA21283FDA0097D9B6 /* LineStatusViewController.swift */ = {isa = PBXFileReference; lastKnownFileType = sourcecode.swift; path = LineStatusViewController.swift; sourceTree = "<group>"; };
		8E9464C3213434B90015022B /* ServiceType.swift */ = {isa = PBXFileReference; fileEncoding = 4; lastKnownFileType = sourcecode.swift; name = ServiceType.swift; path = Api/Entities/ServiceType.swift; sourceTree = "<group>"; };
		8E9464C4213434B90015022B /* Line.swift */ = {isa = PBXFileReference; fileEncoding = 4; lastKnownFileType = sourcecode.swift; name = Line.swift; path = Api/Entities/Line.swift; sourceTree = "<group>"; };
		8E9464C5213434B90015022B /* AffectedRoute.swift */ = {isa = PBXFileReference; fileEncoding = 4; lastKnownFileType = sourcecode.swift; name = AffectedRoute.swift; path = Api/Entities/AffectedRoute.swift; sourceTree = "<group>"; };
		8E9464C6213434BA0015022B /* Disruption.swift */ = {isa = PBXFileReference; fileEncoding = 4; lastKnownFileType = sourcecode.swift; name = Disruption.swift; path = Api/Entities/Disruption.swift; sourceTree = "<group>"; };
		8E9464C7213434BA0015022B /* NetworkStatus.swift */ = {isa = PBXFileReference; fileEncoding = 4; lastKnownFileType = sourcecode.swift; name = NetworkStatus.swift; path = Api/Entities/NetworkStatus.swift; sourceTree = "<group>"; };
		8E9464C8213434BA0015022B /* LineStatus.swift */ = {isa = PBXFileReference; fileEncoding = 4; lastKnownFileType = sourcecode.swift; name = LineStatus.swift; path = Api/Entities/LineStatus.swift; sourceTree = "<group>"; };
		8E9464CF213434E70015022B /* ApiService.swift */ = {isa = PBXFileReference; fileEncoding = 4; lastKnownFileType = sourcecode.swift; name = ApiService.swift; path = Services/ApiService.swift; sourceTree = "<group>"; };
		8E9464D12134352A0015022B /* CardPack.swift */ = {isa = PBXFileReference; fileEncoding = 4; lastKnownFileType = sourcecode.swift; name = CardPack.swift; path = Entities/CardPack.swift; sourceTree = "<group>"; };
		8E9464D32134352A0015022B /* CardGroup.swift */ = {isa = PBXFileReference; fileEncoding = 4; lastKnownFileType = sourcecode.swift; name = CardGroup.swift; path = Entities/CardGroup.swift; sourceTree = "<group>"; };
		8E9464D42134352A0015022B /* LineMessageCard.swift */ = {isa = PBXFileReference; fileEncoding = 4; lastKnownFileType = sourcecode.swift; name = LineMessageCard.swift; path = Entities/LineMessageCard.swift; sourceTree = "<group>"; };
		8E9464D9213435550015022B /* ColorExtensions.swift */ = {isa = PBXFileReference; fileEncoding = 4; lastKnownFileType = sourcecode.swift; name = ColorExtensions.swift; path = Extensions/ColorExtensions.swift; sourceTree = "<group>"; };
		8E9464DA213435550015022B /* LabelExtensions.swift */ = {isa = PBXFileReference; fileEncoding = 4; lastKnownFileType = sourcecode.swift; name = LabelExtensions.swift; path = Extensions/LabelExtensions.swift; sourceTree = "<group>"; };
		8E9464DB213435550015022B /* LayerExtensions.swift */ = {isa = PBXFileReference; fileEncoding = 4; lastKnownFileType = sourcecode.swift; name = LayerExtensions.swift; path = Extensions/LayerExtensions.swift; sourceTree = "<group>"; };
		8EA9BDE321372A2F0060E8AD /* LineStatusTableHelpers.swift */ = {isa = PBXFileReference; lastKnownFileType = sourcecode.swift; path = LineStatusTableHelpers.swift; sourceTree = "<group>"; };
		8EA9BDE521372D6B0060E8AD /* OverallGoodStatusCard.swift */ = {isa = PBXFileReference; lastKnownFileType = sourcecode.swift; name = OverallGoodStatusCard.swift; path = Entities/OverallGoodStatusCard.swift; sourceTree = "<group>"; };
		8EA9BDE721372E230060E8AD /* OverallGoodStatusServiceModesCard.swift */ = {isa = PBXFileReference; lastKnownFileType = sourcecode.swift; name = OverallGoodStatusServiceModesCard.swift; path = Entities/OverallGoodStatusServiceModesCard.swift; sourceTree = "<group>"; };
		8EA9BDE921373A8B0060E8AD /* FontExtensions.swift */ = {isa = PBXFileReference; lastKnownFileType = sourcecode.swift; name = FontExtensions.swift; path = Extensions/FontExtensions.swift; sourceTree = "<group>"; };
		8EABE0C4213AF834003DF0F7 /* CardPartsMessages.swift */ = {isa = PBXFileReference; lastKnownFileType = sourcecode.swift; name = CardPartsMessages.swift; path = Entities/CardPartsMessages.swift; sourceTree = "<group>"; };
		8EAD0875213BECAF0080AC75 /* Injector.swift */ = {isa = PBXFileReference; lastKnownFileType = sourcecode.swift; path = Injector.swift; sourceTree = "<group>"; };
		8EAD0877213BFF650080AC75 /* Requesable.swift */ = {isa = PBXFileReference; lastKnownFileType = sourcecode.swift; path = Requesable.swift; sourceTree = "<group>"; };
		8EAD0879213C010F0080AC75 /* ApiEndPointUrls.swift */ = {isa = PBXFileReference; lastKnownFileType = sourcecode.swift; path = ApiEndPointUrls.swift; sourceTree = "<group>"; };
		8EAD087B213C04340080AC75 /* DisruptionsConstructor.swift */ = {isa = PBXFileReference; lastKnownFileType = sourcecode.swift; path = DisruptionsConstructor.swift; sourceTree = "<group>"; };
		8EAD087D213C048D0080AC75 /* GoodServicesConstructor.swift */ = {isa = PBXFileReference; lastKnownFileType = sourcecode.swift; path = GoodServicesConstructor.swift; sourceTree = "<group>"; };
		8EB0D6CB21432571005AA004 /* LocalJsonFileReader.swift */ = {isa = PBXFileReference; lastKnownFileType = sourcecode.swift; path = LocalJsonFileReader.swift; sourceTree = "<group>"; };
		8EB4BDFF2143D872006E4AB5 /* disruptions.json */ = {isa = PBXFileReference; lastKnownFileType = text.json; path = disruptions.json; sourceTree = "<group>"; };
		8EB4BE022143DA85006E4AB5 /* good-service.json */ = {isa = PBXFileReference; lastKnownFileType = text.json; path = "good-service.json"; sourceTree = "<group>"; };
		8EB4BE052143DAE4006E4AB5 /* TestHelpers.swift */ = {isa = PBXFileReference; lastKnownFileType = sourcecode.swift; path = TestHelpers.swift; sourceTree = "<group>"; };
		8EC01D162132BC280060E8FE /* DistruptionsBuilder.swift */ = {isa = PBXFileReference; lastKnownFileType = sourcecode.swift; path = DistruptionsBuilder.swift; sourceTree = "<group>"; };
		8EC01D182132BDD40060E8FE /* GoodServicesBuilder.swift */ = {isa = PBXFileReference; lastKnownFileType = sourcecode.swift; path = GoodServicesBuilder.swift; sourceTree = "<group>"; };
		8EC01D232132FAAF0060E8FE /* LineStatusTable.swift */ = {isa = PBXFileReference; lastKnownFileType = sourcecode.swift; path = LineStatusTable.swift; sourceTree = "<group>"; };
		8EC01D27213309720060E8FE /* LineStatusTabelCell.swift */ = {isa = PBXFileReference; lastKnownFileType = sourcecode.swift; path = LineStatusTabelCell.swift; sourceTree = "<group>"; };
		8EC01D2A2133098E0060E8FE /* LineStatusCellField.swift */ = {isa = PBXFileReference; lastKnownFileType = sourcecode.swift; path = LineStatusCellField.swift; sourceTree = "<group>"; };
		8EC226062131821C00C1B37B /* ApiLineStatusViewModelBuilder.swift */ = {isa = PBXFileReference; lastKnownFileType = sourcecode.swift; path = ApiLineStatusViewModelBuilder.swift; sourceTree = "<group>"; };
		8EE42DD62131B91100631B36 /* LineStatusViewModel.swift */ = {isa = PBXFileReference; lastKnownFileType = sourcecode.swift; path = LineStatusViewModel.swift; sourceTree = "<group>"; };
		8EE42DDA2131BD0400631B36 /* SeverityCodes.swift */ = {isa = PBXFileReference; lastKnownFileType = sourcecode.swift; path = SeverityCodes.swift; sourceTree = "<group>"; };
		8EE42DDC2131BE3E00631B36 /* CardPackStyles.swift */ = {isa = PBXFileReference; lastKnownFileType = sourcecode.swift; path = CardPackStyles.swift; sourceTree = "<group>"; };
		8EE42DDE2131BE5C00631B36 /* CardGroupStyles.swift */ = {isa = PBXFileReference; lastKnownFileType = sourcecode.swift; path = CardGroupStyles.swift; sourceTree = "<group>"; };
		8EE42DE02131BE7A00631B36 /* CardPartStyles.swift */ = {isa = PBXFileReference; lastKnownFileType = sourcecode.swift; path = CardPartStyles.swift; sourceTree = "<group>"; };
		8EE42DE22131BE9900631B36 /* CardStyles.swift */ = {isa = PBXFileReference; lastKnownFileType = sourcecode.swift; path = CardStyles.swift; sourceTree = "<group>"; };
		8EE42DEC2131BF3C00631B36 /* ApiLineStatusViewModel.swift */ = {isa = PBXFileReference; lastKnownFileType = sourcecode.swift; path = ApiLineStatusViewModel.swift; sourceTree = "<group>"; };
		8EE42DF62131C2C700631B36 /* ServiceTypes.swift */ = {isa = PBXFileReference; lastKnownFileType = sourcecode.swift; path = ServiceTypes.swift; sourceTree = "<group>"; };
		8EE42DFB2131C3B300631B36 /* LineStatusBuilder.swift */ = {isa = PBXFileReference; lastKnownFileType = sourcecode.swift; path = LineStatusBuilder.swift; sourceTree = "<group>"; };
		8EE8F976214551AD00A86A50 /* NoInternetViewController.swift */ = {isa = PBXFileReference; lastKnownFileType = sourcecode.swift; path = NoInternetViewController.swift; sourceTree = "<group>"; };
		8EE91816213433B00090C280 /* JsonClient.swift */ = {isa = PBXFileReference; fileEncoding = 4; lastKnownFileType = sourcecode.swift; name = JsonClient.swift; path = Api/Commons/JsonClient.swift; sourceTree = "<group>"; };
		8EE91817213433B10090C280 /* ApiEndPoints.swift */ = {isa = PBXFileReference; fileEncoding = 4; lastKnownFileType = sourcecode.swift; name = ApiEndPoints.swift; path = Api/Commons/ApiEndPoints.swift; sourceTree = "<group>"; };
		95FDA74E4B7CBA7997526AAF /* libPods-KhurramLineStatusAppTests.a */ = {isa = PBXFileReference; explicitFileType = archive.ar; includeInIndex = 0; path = "libPods-KhurramLineStatusAppTests.a"; sourceTree = BUILT_PRODUCTS_DIR; };
		A55F36E6D6BEFF212B09938D /* Pods-KhurramLineStatusAppUITests.release.xcconfig */ = {isa = PBXFileReference; includeInIndex = 1; lastKnownFileType = text.xcconfig; name = "Pods-KhurramLineStatusAppUITests.release.xcconfig"; path = "Pods/Target Support Files/Pods-KhurramLineStatusAppUITests/Pods-KhurramLineStatusAppUITests.release.xcconfig"; sourceTree = "<group>"; };
		C496C09C59F3BB0AD394B452 /* Pods-KhurramLineStatusAppTests.debug.xcconfig */ = {isa = PBXFileReference; includeInIndex = 1; lastKnownFileType = text.xcconfig; name = "Pods-KhurramLineStatusAppTests.debug.xcconfig"; path = "Pods/Target Support Files/Pods-KhurramLineStatusAppTests/Pods-KhurramLineStatusAppTests.debug.xcconfig"; sourceTree = "<group>"; };
		CEB1DEC95B526E9E9A989948 /* Pods-KhurramLineStatusAppTests.release.xcconfig */ = {isa = PBXFileReference; includeInIndex = 1; lastKnownFileType = text.xcconfig; name = "Pods-KhurramLineStatusAppTests.release.xcconfig"; path = "Pods/Target Support Files/Pods-KhurramLineStatusAppTests/Pods-KhurramLineStatusAppTests.release.xcconfig"; sourceTree = "<group>"; };
		E16602E3A9E89669A60AB4C1 /* libPods-KhurramLineStatusApp.a */ = {isa = PBXFileReference; explicitFileType = archive.ar; includeInIndex = 0; path = "libPods-KhurramLineStatusApp.a"; sourceTree = BUILT_PRODUCTS_DIR; };
		FC4E20D39F2ED18CC7362026 /* Pods-KhurramLineStatusApp.debug.xcconfig */ = {isa = PBXFileReference; includeInIndex = 1; lastKnownFileType = text.xcconfig; name = "Pods-KhurramLineStatusApp.debug.xcconfig"; path = "Pods/Target Support Files/Pods-KhurramLineStatusApp/Pods-KhurramLineStatusApp.debug.xcconfig"; sourceTree = "<group>"; };
/* End PBXFileReference section */

/* Begin PBXFrameworksBuildPhase section */
		8E7A138B21283C840097D9B6 /* Frameworks */ = {
			isa = PBXFrameworksBuildPhase;
			buildActionMask = 2147483647;
			files = (
				496F4829543455F3362E6D8D /* libPods-KhurramLineStatusApp.a in Frameworks */,
			);
			runOnlyForDeploymentPostprocessing = 0;
		};
		8E7A13A221283C860097D9B6 /* Frameworks */ = {
			isa = PBXFrameworksBuildPhase;
			buildActionMask = 2147483647;
			files = (
				04847315F68B9F04CD7C5F67 /* libPods-KhurramLineStatusAppTests.a in Frameworks */,
			);
			runOnlyForDeploymentPostprocessing = 0;
		};
		8E7A13AD21283C860097D9B6 /* Frameworks */ = {
			isa = PBXFrameworksBuildPhase;
			buildActionMask = 2147483647;
			files = (
				2E608C828AFB92D3F45CDBA6 /* libPods-KhurramLineStatusAppUITests.a in Frameworks */,
			);
			runOnlyForDeploymentPostprocessing = 0;
		};
/* End PBXFrameworksBuildPhase section */

/* Begin PBXGroup section */
		4163D99A0F21DC35F417FEBD /* Frameworks */ = {
			isa = PBXGroup;
			children = (
				E16602E3A9E89669A60AB4C1 /* libPods-KhurramLineStatusApp.a */,
				95FDA74E4B7CBA7997526AAF /* libPods-KhurramLineStatusAppTests.a */,
				75C7B8D34E520EE7A8C0C20B /* libPods-KhurramLineStatusAppUITests.a */,
			);
			name = Frameworks;
			sourceTree = "<group>";
		};
		8E3DA28E213464C0007EC446 /* Helpers */ = {
			isa = PBXGroup;
			children = (
				8E3DA28F213464D3007EC446 /* Shared.swift */,
				8EA9BDE321372A2F0060E8AD /* LineStatusTableHelpers.swift */,
			);
			path = Helpers;
			sourceTree = "<group>";
		};
		8E4E082E213437B800C702EA /* Protocols */ = {
			isa = PBXGroup;
			children = (
				8E4E082F213437C900C702EA /* Card.swift */,
				8E4E083421343DB000C702EA /* CardPart.swift */,
				8EAD0877213BFF650080AC75 /* Requesable.swift */,
				8EAD0879213C010F0080AC75 /* ApiEndPointUrls.swift */,
				8EAD087B213C04340080AC75 /* DisruptionsConstructor.swift */,
				8EAD087D213C048D0080AC75 /* GoodServicesConstructor.swift */,
			);
			path = Protocols;
			sourceTree = "<group>";
		};
		8E4E083A2134435900C702EA /* StoryBoard */ = {
			isa = PBXGroup;
			children = (
				8E7A139521283C840097D9B6 /* Main.storyboard */,
			);
			path = StoryBoard;
			sourceTree = "<group>";
		};
		8E7A138521283C840097D9B6 = {
			isa = PBXGroup;
			children = (
				8E7A139021283C840097D9B6 /* KhurramLineStatusApp */,
				8E7A13A821283C860097D9B6 /* KhurramLineStatusAppTests */,
				8E7A13B321283C860097D9B6 /* KhurramLineStatusAppUITests */,
				8E7A138F21283C840097D9B6 /* Products */,
				DE8B8164F795EA135B436425 /* Pods */,
				4163D99A0F21DC35F417FEBD /* Frameworks */,
			);
			sourceTree = "<group>";
		};
		8E7A138F21283C840097D9B6 /* Products */ = {
			isa = PBXGroup;
			children = (
				8E7A138E21283C840097D9B6 /* KhurramLineStatusApp.app */,
				8E7A13A521283C860097D9B6 /* KhurramLineStatusAppTests.xctest */,
				8E7A13B021283C860097D9B6 /* KhurramLineStatusAppUITests.xctest */,
			);
			name = Products;
			sourceTree = "<group>";
		};
		8E7A139021283C840097D9B6 /* KhurramLineStatusApp */ = {
			isa = PBXGroup;
			children = (
				8EAD0874213BEC8E0080AC75 /* DI */,
				8E3DA28E213464C0007EC446 /* Helpers */,
				8E4E083A2134435900C702EA /* StoryBoard */,
				8E4E082E213437B800C702EA /* Protocols */,
				8EC01D222132FAA10060E8FE /* Components */,
				8EC01D1D2132F9CF0060E8FE /* Extensions */,
				8EE42DFD2131C81300631B36 /* Controllers */,
				8EE42DD92131BCEB00631B36 /* Enums */,
				8EE42DD82131BCDF00631B36 /* Entities */,
				8EE42DD52131B8FA00631B36 /* ViewModels */,
				8EC22605213181FF00C1B37B /* Builders */,
				8EC8815B2129D8DB00C3704A /* Services */,
				8EC43C692128801D00FBB344 /* Api */,
				8E7A13C521283D400097D9B6 /* CustomFonts */,
				8E7A139121283C840097D9B6 /* AppDelegate.swift */,
				8E7A139B21283C860097D9B6 /* Assets.xcassets */,
				8E7A139D21283C860097D9B6 /* LaunchScreen.storyboard */,
				8E7A13A021283C860097D9B6 /* Info.plist */,
				8E7A139821283C840097D9B6 /* KhurramLineStatusApp.xcdatamodeld */,
			);
			path = KhurramLineStatusApp;
			sourceTree = "<group>";
		};
		8E7A13A821283C860097D9B6 /* KhurramLineStatusAppTests */ = {
			isa = PBXGroup;
			children = (
				8EB4BE072143DBEC006E4AB5 /* BuilderTests */,
				8EB4BDFE2143D858006E4AB5 /* MockResponses */,
				8EB0D6CA21432553005AA004 /* Common */,
				8E7A13AB21283C860097D9B6 /* Info.plist */,
			);
			path = KhurramLineStatusAppTests;
			sourceTree = "<group>";
		};
		8E7A13B321283C860097D9B6 /* KhurramLineStatusAppUITests */ = {
			isa = PBXGroup;
			children = (
				8E7A13B421283C860097D9B6 /* KhurramLineStatusAppUITests.swift */,
				8E7A13B621283C860097D9B6 /* Info.plist */,
			);
			path = KhurramLineStatusAppUITests;
			sourceTree = "<group>";
		};
		8E7A13C521283D400097D9B6 /* CustomFonts */ = {
			isa = PBXGroup;
			children = (
				8E16BA6621340C5E002BF443 /* Johnston100-Hairline.otf */,
				8E16BA6721340C5E002BF443 /* Johnston100-Light.otf */,
				8E16BA6821340C5E002BF443 /* Johnston100-Medium.otf */,
				8E16BA6521340C5E002BF443 /* Johnston100-Regular.otf */,
				8E16BA6421340C5E002BF443 /* Johnston100-Thin.otf */,
			);
			name = CustomFonts;
			sourceTree = "<group>";
		};
		8EAD0874213BEC8E0080AC75 /* DI */ = {
			isa = PBXGroup;
			children = (
				8EAD0875213BECAF0080AC75 /* Injector.swift */,
			);
			path = DI;
			sourceTree = "<group>";
		};
		8EB0D6CA21432553005AA004 /* Common */ = {
			isa = PBXGroup;
			children = (
				8EB0D6CB21432571005AA004 /* LocalJsonFileReader.swift */,
				8EB4BE052143DAE4006E4AB5 /* TestHelpers.swift */,
			);
			path = Common;
			sourceTree = "<group>";
		};
		8EB4BDFE2143D858006E4AB5 /* MockResponses */ = {
			isa = PBXGroup;
			children = (
				8EB4BDFF2143D872006E4AB5 /* disruptions.json */,
				8EB4BE022143DA85006E4AB5 /* good-service.json */,
			);
			path = MockResponses;
			sourceTree = "<group>";
		};
		8EB4BE072143DBEC006E4AB5 /* BuilderTests */ = {
			isa = PBXGroup;
			children = (
				8E7A13A921283C860097D9B6 /* GoodServiceTests.swift */,
				8E3DC3CC21442B2500CD122B /* DisruptionBuilderTests.swift */,
			);
			path = BuilderTests;
			sourceTree = "<group>";
		};
		8EC01D1D2132F9CF0060E8FE /* Extensions */ = {
			isa = PBXGroup;
			children = (
				8E9464D9213435550015022B /* ColorExtensions.swift */,
				8E9464DA213435550015022B /* LabelExtensions.swift */,
				8E9464DB213435550015022B /* LayerExtensions.swift */,
				8EA9BDE921373A8B0060E8AD /* FontExtensions.swift */,
			);
			name = Extensions;
			sourceTree = "<group>";
		};
		8EC01D222132FAA10060E8FE /* Components */ = {
			isa = PBXGroup;
			children = (
				8EC01D29213309860060E8FE /* Entities */,
				8EC01D232132FAAF0060E8FE /* LineStatusTable.swift */,
				8EC01D27213309720060E8FE /* LineStatusTabelCell.swift */,
			);
			path = Components;
			sourceTree = "<group>";
		};
		8EC01D29213309860060E8FE /* Entities */ = {
			isa = PBXGroup;
			children = (
				8EC01D2A2133098E0060E8FE /* LineStatusCellField.swift */,
			);
			name = Entities;
			sourceTree = "<group>";
		};
		8EC22605213181FF00C1B37B /* Builders */ = {
			isa = PBXGroup;
			children = (
				8EC226062131821C00C1B37B /* ApiLineStatusViewModelBuilder.swift */,
				8EE42DFB2131C3B300631B36 /* LineStatusBuilder.swift */,
				8EC01D162132BC280060E8FE /* DistruptionsBuilder.swift */,
				8EC01D182132BDD40060E8FE /* GoodServicesBuilder.swift */,
			);
			path = Builders;
			sourceTree = "<group>";
		};
		8EC43C692128801D00FBB344 /* Api */ = {
			isa = PBXGroup;
			children = (
				8EC43C6B2128803B00FBB344 /* Common */,
				8EC43C6A2128802700FBB344 /* Entities */,
			);
			name = Api;
			sourceTree = "<group>";
		};
		8EC43C6A2128802700FBB344 /* Entities */ = {
			isa = PBXGroup;
			children = (
				8E9464C5213434B90015022B /* AffectedRoute.swift */,
				8E9464C6213434BA0015022B /* Disruption.swift */,
				8E9464C4213434B90015022B /* Line.swift */,
				8E9464C8213434BA0015022B /* LineStatus.swift */,
				8E9464C7213434BA0015022B /* NetworkStatus.swift */,
				8E9464C3213434B90015022B /* ServiceType.swift */,
			);
			name = Entities;
			sourceTree = "<group>";
		};
		8EC43C6B2128803B00FBB344 /* Common */ = {
			isa = PBXGroup;
			children = (
				8EE91817213433B10090C280 /* ApiEndPoints.swift */,
				8EE91816213433B00090C280 /* JsonClient.swift */,
			);
			name = Common;
			sourceTree = "<group>";
		};
		8EC8815B2129D8DB00C3704A /* Services */ = {
			isa = PBXGroup;
			children = (
				8E9464CF213434E70015022B /* ApiService.swift */,
			);
			name = Services;
			sourceTree = "<group>";
		};
		8EE42DD52131B8FA00631B36 /* ViewModels */ = {
			isa = PBXGroup;
			children = (
				8EE42DD62131B91100631B36 /* LineStatusViewModel.swift */,
				8EE42DEC2131BF3C00631B36 /* ApiLineStatusViewModel.swift */,
			);
			path = ViewModels;
			sourceTree = "<group>";
		};
		8EE42DD82131BCDF00631B36 /* Entities */ = {
			isa = PBXGroup;
			children = (
				8E3DA29121346569007EC446 /* ComplexCardPart.swift */,
				8E4E083B2134638F00C702EA /* OverallStatusCard.swift */,
				8E4E083C2134638F00C702EA /* SimpleTextCardPart.swift */,
				8E9464D42134352A0015022B /* LineMessageCard.swift */,
				8E9464D32134352A0015022B /* CardGroup.swift */,
				8E9464D12134352A0015022B /* CardPack.swift */,
				8EA9BDE521372D6B0060E8AD /* OverallGoodStatusCard.swift */,
				8EA9BDE721372E230060E8AD /* OverallGoodStatusServiceModesCard.swift */,
				8EABE0C4213AF834003DF0F7 /* CardPartsMessages.swift */,
			);
			name = Entities;
			sourceTree = "<group>";
		};
		8EE42DD92131BCEB00631B36 /* Enums */ = {
			isa = PBXGroup;
			children = (
				8EE42DDA2131BD0400631B36 /* SeverityCodes.swift */,
				8EE42DDC2131BE3E00631B36 /* CardPackStyles.swift */,
				8EE42DDE2131BE5C00631B36 /* CardGroupStyles.swift */,
				8EE42DE02131BE7A00631B36 /* CardPartStyles.swift */,
				8EE42DE22131BE9900631B36 /* CardStyles.swift */,
				8EE42DF62131C2C700631B36 /* ServiceTypes.swift */,
			);
			path = Enums;
			sourceTree = "<group>";
		};
		8EE42DFD2131C81300631B36 /* Controllers */ = {
			isa = PBXGroup;
			children = (
				8E7A139321283C840097D9B6 /* InitController.swift */,
				8E7A13DA21283FDA0097D9B6 /* LineStatusViewController.swift */,
				8E3DC3D02144375600CD122B /* LineRouteViewController.swift */,
				8EE8F976214551AD00A86A50 /* NoInternetViewController.swift */,
			);
			path = Controllers;
			sourceTree = "<group>";
		};
		DE8B8164F795EA135B436425 /* Pods */ = {
			isa = PBXGroup;
			children = (
				FC4E20D39F2ED18CC7362026 /* Pods-KhurramLineStatusApp.debug.xcconfig */,
				771AB1C99E6558FA0D554BDF /* Pods-KhurramLineStatusApp.release.xcconfig */,
				C496C09C59F3BB0AD394B452 /* Pods-KhurramLineStatusAppTests.debug.xcconfig */,
				CEB1DEC95B526E9E9A989948 /* Pods-KhurramLineStatusAppTests.release.xcconfig */,
				5569BB3AD8C1BEAFF87224B7 /* Pods-KhurramLineStatusAppUITests.debug.xcconfig */,
				A55F36E6D6BEFF212B09938D /* Pods-KhurramLineStatusAppUITests.release.xcconfig */,
			);
			name = Pods;
			sourceTree = "<group>";
		};
/* End PBXGroup section */

/* Begin PBXNativeTarget section */
		8E7A138D21283C840097D9B6 /* KhurramLineStatusApp */ = {
			isa = PBXNativeTarget;
			buildConfigurationList = 8E7A13B921283C860097D9B6 /* Build configuration list for PBXNativeTarget "KhurramLineStatusApp" */;
			buildPhases = (
				549B546E78FEED9959E7FFE5 /* [CP] Check Pods Manifest.lock */,
				8E7A138A21283C840097D9B6 /* Sources */,
				8E7A138B21283C840097D9B6 /* Frameworks */,
				8E7A138C21283C840097D9B6 /* Resources */,
			);
			buildRules = (
			);
			dependencies = (
			);
			name = KhurramLineStatusApp;
			productName = KhurramLineStatusApp;
			productReference = 8E7A138E21283C840097D9B6 /* KhurramLineStatusApp.app */;
			productType = "com.apple.product-type.application";
		};
		8E7A13A421283C860097D9B6 /* KhurramLineStatusAppTests */ = {
			isa = PBXNativeTarget;
			buildConfigurationList = 8E7A13BC21283C860097D9B6 /* Build configuration list for PBXNativeTarget "KhurramLineStatusAppTests" */;
			buildPhases = (
				AA61288AB6125CCCB2BAB55D /* [CP] Check Pods Manifest.lock */,
				8E7A13A121283C860097D9B6 /* Sources */,
				8E7A13A221283C860097D9B6 /* Frameworks */,
				8EB0D70C21433DE2005AA004 /* Resources */,
			);
			buildRules = (
			);
			dependencies = (
				8E7A13A721283C860097D9B6 /* PBXTargetDependency */,
			);
			name = KhurramLineStatusAppTests;
			productName = KhurramLineStatusAppTests;
			productReference = 8E7A13A521283C860097D9B6 /* KhurramLineStatusAppTests.xctest */;
			productType = "com.apple.product-type.bundle.unit-test";
		};
		8E7A13AF21283C860097D9B6 /* KhurramLineStatusAppUITests */ = {
			isa = PBXNativeTarget;
			buildConfigurationList = 8E7A13BF21283C860097D9B6 /* Build configuration list for PBXNativeTarget "KhurramLineStatusAppUITests" */;
			buildPhases = (
				AB1FDA638DEEC2E6615FF8A4 /* [CP] Check Pods Manifest.lock */,
				8E7A13AC21283C860097D9B6 /* Sources */,
				8E7A13AD21283C860097D9B6 /* Frameworks */,
				8E7A13AE21283C860097D9B6 /* Resources */,
			);
			buildRules = (
			);
			dependencies = (
				8E7A13B221283C860097D9B6 /* PBXTargetDependency */,
			);
			name = KhurramLineStatusAppUITests;
			productName = KhurramLineStatusAppUITests;
			productReference = 8E7A13B021283C860097D9B6 /* KhurramLineStatusAppUITests.xctest */;
			productType = "com.apple.product-type.bundle.ui-testing";
		};
/* End PBXNativeTarget section */

/* Begin PBXProject section */
		8E7A138621283C840097D9B6 /* Project object */ = {
			isa = PBXProject;
			attributes = {
				KnownAssetTags = (
					NoInternetViewController,
				);
				LastSwiftUpdateCheck = 0940;
				LastUpgradeCheck = 0940;
				ORGANIZATIONNAME = macpro;
				TargetAttributes = {
					8E7A138D21283C840097D9B6 = {
						CreatedOnToolsVersion = 9.4.1;
					};
					8E7A13A421283C860097D9B6 = {
						CreatedOnToolsVersion = 9.4.1;
						TestTargetID = 8E7A138D21283C840097D9B6;
					};
					8E7A13AF21283C860097D9B6 = {
						CreatedOnToolsVersion = 9.4.1;
						TestTargetID = 8E7A138D21283C840097D9B6;
					};
				};
			};
			buildConfigurationList = 8E7A138921283C840097D9B6 /* Build configuration list for PBXProject "KhurramLineStatusApp" */;
			compatibilityVersion = "Xcode 9.3";
			developmentRegion = en;
			hasScannedForEncodings = 0;
			knownRegions = (
				en,
				Base,
			);
			mainGroup = 8E7A138521283C840097D9B6;
			productRefGroup = 8E7A138F21283C840097D9B6 /* Products */;
			projectDirPath = "";
			projectRoot = "";
			targets = (
				8E7A138D21283C840097D9B6 /* KhurramLineStatusApp */,
				8E7A13A421283C860097D9B6 /* KhurramLineStatusAppTests */,
				8E7A13AF21283C860097D9B6 /* KhurramLineStatusAppUITests */,
			);
		};
/* End PBXProject section */

/* Begin PBXResourcesBuildPhase section */
		8E7A138C21283C840097D9B6 /* Resources */ = {
			isa = PBXResourcesBuildPhase;
			buildActionMask = 2147483647;
			files = (
				8EB4BE032143DA85006E4AB5 /* good-service.json in Resources */,
				8E7A139F21283C860097D9B6 /* LaunchScreen.storyboard in Resources */,
				8E7A139C21283C860097D9B6 /* Assets.xcassets in Resources */,
				8E7A139721283C840097D9B6 /* Main.storyboard in Resources */,
				8E16BA6921340C5E002BF443 /* Johnston100-Thin.otf in Resources */,
				8E16BA6B21340C5E002BF443 /* Johnston100-Hairline.otf in Resources */,
				8E16BA6A21340C5E002BF443 /* Johnston100-Regular.otf in Resources */,
				8EB4BE002143D872006E4AB5 /* disruptions.json in Resources */,
				8E16BA6C21340C5E002BF443 /* Johnston100-Light.otf in Resources */,
				8E16BA6D21340C5E002BF443 /* Johnston100-Medium.otf in Resources */,
			);
			runOnlyForDeploymentPostprocessing = 0;
		};
		8E7A13AE21283C860097D9B6 /* Resources */ = {
			isa = PBXResourcesBuildPhase;
			buildActionMask = 2147483647;
			files = (
			);
			runOnlyForDeploymentPostprocessing = 0;
		};
		8EB0D70C21433DE2005AA004 /* Resources */ = {
			isa = PBXResourcesBuildPhase;
			buildActionMask = 2147483647;
			files = (
				8EB4BE042143DA85006E4AB5 /* good-service.json in Resources */,
				8EB4BE012143D872006E4AB5 /* disruptions.json in Resources */,
			);
			runOnlyForDeploymentPostprocessing = 0;
		};
/* End PBXResourcesBuildPhase section */

/* Begin PBXShellScriptBuildPhase section */
		549B546E78FEED9959E7FFE5 /* [CP] Check Pods Manifest.lock */ = {
			isa = PBXShellScriptBuildPhase;
			buildActionMask = 2147483647;
			files = (
			);
			inputPaths = (
				"${PODS_PODFILE_DIR_PATH}/Podfile.lock",
				"${PODS_ROOT}/Manifest.lock",
			);
			name = "[CP] Check Pods Manifest.lock";
			outputPaths = (
				"$(DERIVED_FILE_DIR)/Pods-KhurramLineStatusApp-checkManifestLockResult.txt",
			);
			runOnlyForDeploymentPostprocessing = 0;
			shellPath = /bin/sh;
			shellScript = "diff \"${PODS_PODFILE_DIR_PATH}/Podfile.lock\" \"${PODS_ROOT}/Manifest.lock\" > /dev/null\nif [ $? != 0 ] ; then\n    # print error to STDERR\n    echo \"error: The sandbox is not in sync with the Podfile.lock. Run 'pod install' or update your CocoaPods installation.\" >&2\n    exit 1\nfi\n# This output is used by Xcode 'outputs' to avoid re-running this script phase.\necho \"SUCCESS\" > \"${SCRIPT_OUTPUT_FILE_0}\"\n";
			showEnvVarsInLog = 0;
		};
		AA61288AB6125CCCB2BAB55D /* [CP] Check Pods Manifest.lock */ = {
			isa = PBXShellScriptBuildPhase;
			buildActionMask = 2147483647;
			files = (
			);
			inputPaths = (
				"${PODS_PODFILE_DIR_PATH}/Podfile.lock",
				"${PODS_ROOT}/Manifest.lock",
			);
			name = "[CP] Check Pods Manifest.lock";
			outputPaths = (
				"$(DERIVED_FILE_DIR)/Pods-KhurramLineStatusAppTests-checkManifestLockResult.txt",
			);
			runOnlyForDeploymentPostprocessing = 0;
			shellPath = /bin/sh;
			shellScript = "diff \"${PODS_PODFILE_DIR_PATH}/Podfile.lock\" \"${PODS_ROOT}/Manifest.lock\" > /dev/null\nif [ $? != 0 ] ; then\n    # print error to STDERR\n    echo \"error: The sandbox is not in sync with the Podfile.lock. Run 'pod install' or update your CocoaPods installation.\" >&2\n    exit 1\nfi\n# This output is used by Xcode 'outputs' to avoid re-running this script phase.\necho \"SUCCESS\" > \"${SCRIPT_OUTPUT_FILE_0}\"\n";
			showEnvVarsInLog = 0;
		};
		AB1FDA638DEEC2E6615FF8A4 /* [CP] Check Pods Manifest.lock */ = {
			isa = PBXShellScriptBuildPhase;
			buildActionMask = 2147483647;
			files = (
			);
			inputPaths = (
				"${PODS_PODFILE_DIR_PATH}/Podfile.lock",
				"${PODS_ROOT}/Manifest.lock",
			);
			name = "[CP] Check Pods Manifest.lock";
			outputPaths = (
				"$(DERIVED_FILE_DIR)/Pods-KhurramLineStatusAppUITests-checkManifestLockResult.txt",
			);
			runOnlyForDeploymentPostprocessing = 0;
			shellPath = /bin/sh;
			shellScript = "diff \"${PODS_PODFILE_DIR_PATH}/Podfile.lock\" \"${PODS_ROOT}/Manifest.lock\" > /dev/null\nif [ $? != 0 ] ; then\n    # print error to STDERR\n    echo \"error: The sandbox is not in sync with the Podfile.lock. Run 'pod install' or update your CocoaPods installation.\" >&2\n    exit 1\nfi\n# This output is used by Xcode 'outputs' to avoid re-running this script phase.\necho \"SUCCESS\" > \"${SCRIPT_OUTPUT_FILE_0}\"\n";
			showEnvVarsInLog = 0;
		};
/* End PBXShellScriptBuildPhase section */

/* Begin PBXSourcesBuildPhase section */
		8E7A138A21283C840097D9B6 /* Sources */ = {
			isa = PBXSourcesBuildPhase;
			buildActionMask = 2147483647;
			files = (
				8E9464CC213434BA0015022B /* Disruption.swift in Sources */,
				8E9464D72134352A0015022B /* CardGroup.swift in Sources */,
				8EA9BDEA21373A8B0060E8AD /* FontExtensions.swift in Sources */,
				8E9464CE213434BA0015022B /* LineStatus.swift in Sources */,
				8EE42DDD2131BE3E00631B36 /* CardPackStyles.swift in Sources */,
				8EC01D172132BC280060E8FE /* DistruptionsBuilder.swift in Sources */,
				8E9464D52134352A0015022B /* CardPack.swift in Sources */,
				8E4E0830213437C900C702EA /* Card.swift in Sources */,
				8EAD0878213BFF650080AC75 /* Requesable.swift in Sources */,
				8E9464C9213434BA0015022B /* ServiceType.swift in Sources */,
				8EE42DED2131BF3C00631B36 /* ApiLineStatusViewModel.swift in Sources */,
				8EA9BDE821372E230060E8AD /* OverallGoodStatusServiceModesCard.swift in Sources */,
				8E7A13DB21283FDA0097D9B6 /* LineStatusViewController.swift in Sources */,
				8E9464CD213434BA0015022B /* NetworkStatus.swift in Sources */,
				8E4E083E2134638F00C702EA /* OverallStatusCard.swift in Sources */,
				8E9464D0213434E70015022B /* ApiService.swift in Sources */,
				8E3DA290213464D3007EC446 /* Shared.swift in Sources */,
				8E7A139421283C840097D9B6 /* InitController.swift in Sources */,
				8E9464CA213434BA0015022B /* Line.swift in Sources */,
				8EE42DD72131B91100631B36 /* LineStatusViewModel.swift in Sources */,
				8EAD0876213BECAF0080AC75 /* Injector.swift in Sources */,
				8E3DA29221346569007EC446 /* ComplexCardPart.swift in Sources */,
				8E9464D82134352A0015022B /* LineMessageCard.swift in Sources */,
				8E9464DE213435560015022B /* LayerExtensions.swift in Sources */,
				8EC226072131821C00C1B37B /* ApiLineStatusViewModelBuilder.swift in Sources */,
				8EAD087E213C048D0080AC75 /* GoodServicesConstructor.swift in Sources */,
				8EC01D28213309720060E8FE /* LineStatusTabelCell.swift in Sources */,
				8E7A139221283C840097D9B6 /* AppDelegate.swift in Sources */,
				8E3DC3D12144375600CD122B /* LineRouteViewController.swift in Sources */,
				8EABE0C5213AF834003DF0F7 /* CardPartsMessages.swift in Sources */,
				8E7A139A21283C840097D9B6 /* KhurramLineStatusApp.xcdatamodeld in Sources */,
				8EE42DE32131BE9900631B36 /* CardStyles.swift in Sources */,
				8EE42DDF2131BE5C00631B36 /* CardGroupStyles.swift in Sources */,
				8EE91819213433B10090C280 /* ApiEndPoints.swift in Sources */,
				8E4E083F2134638F00C702EA /* SimpleTextCardPart.swift in Sources */,
				8EE42DDB2131BD0400631B36 /* SeverityCodes.swift in Sources */,
				8EC01D192132BDD40060E8FE /* GoodServicesBuilder.swift in Sources */,
				8E9464DD213435550015022B /* LabelExtensions.swift in Sources */,
				8EE42DFC2131C3B300631B36 /* LineStatusBuilder.swift in Sources */,
				8EAD087C213C04340080AC75 /* DisruptionsConstructor.swift in Sources */,
				8EAD087A213C010F0080AC75 /* ApiEndPointUrls.swift in Sources */,
				8EC01D2B2133098E0060E8FE /* LineStatusCellField.swift in Sources */,
				8EE42DF72131C2C700631B36 /* ServiceTypes.swift in Sources */,
				8E9464CB213434BA0015022B /* AffectedRoute.swift in Sources */,
				8EC01D242132FAAF0060E8FE /* LineStatusTable.swift in Sources */,
				8EA9BDE621372D6B0060E8AD /* OverallGoodStatusCard.swift in Sources */,
				8EE8F977214551AD00A86A50 /* NoInternetViewController.swift in Sources */,
				8EE91818213433B10090C280 /* JsonClient.swift in Sources */,
				8EE42DE12131BE7A00631B36 /* CardPartStyles.swift in Sources */,
				8E9464DC213435550015022B /* ColorExtensions.swift in Sources */,
				8EA9BDE421372A2F0060E8AD /* LineStatusTableHelpers.swift in Sources */,
				8E4E083521343DB000C702EA /* CardPart.swift in Sources */,
			);
			runOnlyForDeploymentPostprocessing = 0;
		};
		8E7A13A121283C860097D9B6 /* Sources */ = {
			isa = PBXSourcesBuildPhase;
			buildActionMask = 2147483647;
			files = (
				8EB0D6EC21432CA3005AA004 /* Disruption.swift in Sources */,
				8EB0D6D921432BA8005AA004 /* OverallStatusCard.swift in Sources */,
				8EB0D6D621432A8B005AA004 /* LineStatusViewModel.swift in Sources */,
				8EB0D6CD21432958005AA004 /* ApiLineStatusViewModel.swift in Sources */,
				8EB0D6E921432C89005AA004 /* CardPartStyles.swift in Sources */,
				8EB0D6E321432C5F005AA004 /* ApiEndPointUrls.swift in Sources */,
				8EB0D6EF21432D28005AA004 /* ApiEndPoints.swift in Sources */,
				8EB0D6DD21432BB5005AA004 /* OverallGoodStatusCard.swift in Sources */,
				8EB4BE062143DAE4006E4AB5 /* TestHelpers.swift in Sources */,
				8EB0D6F021432D2B005AA004 /* JsonClient.swift in Sources */,
				8E3DC3CD21442B2500CD122B /* DisruptionBuilderTests.swift in Sources */,
				8EB0D6E821432C86005AA004 /* CardGroupStyles.swift in Sources */,
				8EB0D6EB21432C8E005AA004 /* ServiceTypes.swift in Sources */,
				8EB0D6DA21432BAB005AA004 /* SimpleTextCardPart.swift in Sources */,
				8EB0D6ED21432CD3005AA004 /* ApiLineStatusViewModelBuilder.swift in Sources */,
				8EB0D6CF2143296F005AA004 /* LineStatus.swift in Sources */,
				8EB0D6EA21432C8B005AA004 /* CardStyles.swift in Sources */,
				8EB0D6E121432C58005AA004 /* CardPart.swift in Sources */,
				8EB0D6F22143307E005AA004 /* GoodServiceTests.swift in Sources */,
				8EB0D6EE21432D0C005AA004 /* ApiService.swift in Sources */,
				8EB0D6DB21432BAE005AA004 /* LineMessageCard.swift in Sources */,
				8EB0D6CE2143296C005AA004 /* Line.swift in Sources */,
				8EB0D6DC21432BB1005AA004 /* CardGroup.swift in Sources */,
				8EB0D6E621432C7F005AA004 /* SeverityCodes.swift in Sources */,
				8EB0D6CC21432571005AA004 /* LocalJsonFileReader.swift in Sources */,
				8EB0D6D3214329F2005AA004 /* DistruptionsBuilder.swift in Sources */,
				8EB0D6E221432C5B005AA004 /* Requesable.swift in Sources */,
				8EB0D6DE21432BB8005AA004 /* OverallGoodStatusServiceModesCard.swift in Sources */,
				8EB0D6D5214329FB005AA004 /* GoodServicesBuilder.swift in Sources */,
				8EB0D6E521432C66005AA004 /* GoodServicesConstructor.swift in Sources */,
				8EB0D6D821432BA5005AA004 /* ComplexCardPart.swift in Sources */,
				8EB0D6D4214329F5005AA004 /* LineStatusBuilder.swift in Sources */,
				8EB0D6D021432973005AA004 /* NetworkStatus.swift in Sources */,
				8EB0D6D121432977005AA004 /* ServiceType.swift in Sources */,
				8EB0D6E721432C82005AA004 /* CardPackStyles.swift in Sources */,
				8EB0D6DF21432BBC005AA004 /* CardPartsMessages.swift in Sources */,
				8EB0D6D22143297A005AA004 /* AffectedRoute.swift in Sources */,
				8EB0D6D721432BA2005AA004 /* CardPack.swift in Sources */,
				8EB0D6E021432C54005AA004 /* Card.swift in Sources */,
				8EB0D6E421432C63005AA004 /* DisruptionsConstructor.swift in Sources */,
			);
			runOnlyForDeploymentPostprocessing = 0;
		};
		8E7A13AC21283C860097D9B6 /* Sources */ = {
			isa = PBXSourcesBuildPhase;
			buildActionMask = 2147483647;
			files = (
				8E7A13B521283C860097D9B6 /* KhurramLineStatusAppUITests.swift in Sources */,
			);
			runOnlyForDeploymentPostprocessing = 0;
		};
/* End PBXSourcesBuildPhase section */

/* Begin PBXTargetDependency section */
		8E7A13A721283C860097D9B6 /* PBXTargetDependency */ = {
			isa = PBXTargetDependency;
			target = 8E7A138D21283C840097D9B6 /* KhurramLineStatusApp */;
			targetProxy = 8E7A13A621283C860097D9B6 /* PBXContainerItemProxy */;
		};
		8E7A13B221283C860097D9B6 /* PBXTargetDependency */ = {
			isa = PBXTargetDependency;
			target = 8E7A138D21283C840097D9B6 /* KhurramLineStatusApp */;
			targetProxy = 8E7A13B121283C860097D9B6 /* PBXContainerItemProxy */;
		};
/* End PBXTargetDependency section */

/* Begin PBXVariantGroup section */
		8E7A139521283C840097D9B6 /* Main.storyboard */ = {
			isa = PBXVariantGroup;
			children = (
				8E7A139621283C840097D9B6 /* Base */,
			);
			name = Main.storyboard;
			sourceTree = "<group>";
		};
		8E7A139D21283C860097D9B6 /* LaunchScreen.storyboard */ = {
			isa = PBXVariantGroup;
			children = (
				8E7A139E21283C860097D9B6 /* Base */,
			);
			name = LaunchScreen.storyboard;
			sourceTree = "<group>";
		};
/* End PBXVariantGroup section */

/* Begin XCBuildConfiguration section */
		8E7A13B721283C860097D9B6 /* Debug */ = {
			isa = XCBuildConfiguration;
			buildSettings = {
				ALWAYS_SEARCH_USER_PATHS = NO;
				CLANG_ANALYZER_NONNULL = YES;
				CLANG_ANALYZER_NUMBER_OBJECT_CONVERSION = YES_AGGRESSIVE;
				CLANG_CXX_LANGUAGE_STANDARD = "gnu++14";
				CLANG_CXX_LIBRARY = "libc++";
				CLANG_ENABLE_MODULES = YES;
				CLANG_ENABLE_OBJC_ARC = YES;
				CLANG_ENABLE_OBJC_WEAK = YES;
				CLANG_WARN_BLOCK_CAPTURE_AUTORELEASING = YES;
				CLANG_WARN_BOOL_CONVERSION = YES;
				CLANG_WARN_COMMA = YES;
				CLANG_WARN_CONSTANT_CONVERSION = YES;
				CLANG_WARN_DEPRECATED_OBJC_IMPLEMENTATIONS = YES;
				CLANG_WARN_DIRECT_OBJC_ISA_USAGE = YES_ERROR;
				CLANG_WARN_DOCUMENTATION_COMMENTS = YES;
				CLANG_WARN_EMPTY_BODY = YES;
				CLANG_WARN_ENUM_CONVERSION = YES;
				CLANG_WARN_INFINITE_RECURSION = YES;
				CLANG_WARN_INT_CONVERSION = YES;
				CLANG_WARN_NON_LITERAL_NULL_CONVERSION = YES;
				CLANG_WARN_OBJC_IMPLICIT_RETAIN_SELF = YES;
				CLANG_WARN_OBJC_LITERAL_CONVERSION = YES;
				CLANG_WARN_OBJC_ROOT_CLASS = YES_ERROR;
				CLANG_WARN_RANGE_LOOP_ANALYSIS = YES;
				CLANG_WARN_STRICT_PROTOTYPES = YES;
				CLANG_WARN_SUSPICIOUS_MOVE = YES;
				CLANG_WARN_UNGUARDED_AVAILABILITY = YES_AGGRESSIVE;
				CLANG_WARN_UNREACHABLE_CODE = YES;
				CLANG_WARN__DUPLICATE_METHOD_MATCH = YES;
				CODE_SIGN_IDENTITY = "iPhone Developer";
				COPY_PHASE_STRIP = NO;
				DEBUG_INFORMATION_FORMAT = dwarf;
				ENABLE_STRICT_OBJC_MSGSEND = YES;
				ENABLE_TESTABILITY = YES;
				GCC_C_LANGUAGE_STANDARD = gnu11;
				GCC_DYNAMIC_NO_PIC = NO;
				GCC_NO_COMMON_BLOCKS = YES;
				GCC_OPTIMIZATION_LEVEL = 0;
				GCC_PREPROCESSOR_DEFINITIONS = (
					"DEBUG=1",
					"$(inherited)",
				);
				GCC_WARN_64_TO_32_BIT_CONVERSION = YES;
				GCC_WARN_ABOUT_RETURN_TYPE = YES_ERROR;
				GCC_WARN_UNDECLARED_SELECTOR = YES;
				GCC_WARN_UNINITIALIZED_AUTOS = YES_AGGRESSIVE;
				GCC_WARN_UNUSED_FUNCTION = YES;
				GCC_WARN_UNUSED_VARIABLE = YES;
				IPHONEOS_DEPLOYMENT_TARGET = 11.4;
				MTL_ENABLE_DEBUG_INFO = YES;
				ONLY_ACTIVE_ARCH = YES;
				SDKROOT = iphoneos;
				SWIFT_ACTIVE_COMPILATION_CONDITIONS = DEBUG;
				SWIFT_OPTIMIZATION_LEVEL = "-Onone";
			};
			name = Debug;
		};
		8E7A13B821283C860097D9B6 /* Release */ = {
			isa = XCBuildConfiguration;
			buildSettings = {
				ALWAYS_SEARCH_USER_PATHS = NO;
				CLANG_ANALYZER_NONNULL = YES;
				CLANG_ANALYZER_NUMBER_OBJECT_CONVERSION = YES_AGGRESSIVE;
				CLANG_CXX_LANGUAGE_STANDARD = "gnu++14";
				CLANG_CXX_LIBRARY = "libc++";
				CLANG_ENABLE_MODULES = YES;
				CLANG_ENABLE_OBJC_ARC = YES;
				CLANG_ENABLE_OBJC_WEAK = YES;
				CLANG_WARN_BLOCK_CAPTURE_AUTORELEASING = YES;
				CLANG_WARN_BOOL_CONVERSION = YES;
				CLANG_WARN_COMMA = YES;
				CLANG_WARN_CONSTANT_CONVERSION = YES;
				CLANG_WARN_DEPRECATED_OBJC_IMPLEMENTATIONS = YES;
				CLANG_WARN_DIRECT_OBJC_ISA_USAGE = YES_ERROR;
				CLANG_WARN_DOCUMENTATION_COMMENTS = YES;
				CLANG_WARN_EMPTY_BODY = YES;
				CLANG_WARN_ENUM_CONVERSION = YES;
				CLANG_WARN_INFINITE_RECURSION = YES;
				CLANG_WARN_INT_CONVERSION = YES;
				CLANG_WARN_NON_LITERAL_NULL_CONVERSION = YES;
				CLANG_WARN_OBJC_IMPLICIT_RETAIN_SELF = YES;
				CLANG_WARN_OBJC_LITERAL_CONVERSION = YES;
				CLANG_WARN_OBJC_ROOT_CLASS = YES_ERROR;
				CLANG_WARN_RANGE_LOOP_ANALYSIS = YES;
				CLANG_WARN_STRICT_PROTOTYPES = YES;
				CLANG_WARN_SUSPICIOUS_MOVE = YES;
				CLANG_WARN_UNGUARDED_AVAILABILITY = YES_AGGRESSIVE;
				CLANG_WARN_UNREACHABLE_CODE = YES;
				CLANG_WARN__DUPLICATE_METHOD_MATCH = YES;
				CODE_SIGN_IDENTITY = "iPhone Developer";
				COPY_PHASE_STRIP = NO;
				DEBUG_INFORMATION_FORMAT = "dwarf-with-dsym";
				ENABLE_NS_ASSERTIONS = NO;
				ENABLE_STRICT_OBJC_MSGSEND = YES;
				GCC_C_LANGUAGE_STANDARD = gnu11;
				GCC_NO_COMMON_BLOCKS = YES;
				GCC_WARN_64_TO_32_BIT_CONVERSION = YES;
				GCC_WARN_ABOUT_RETURN_TYPE = YES_ERROR;
				GCC_WARN_UNDECLARED_SELECTOR = YES;
				GCC_WARN_UNINITIALIZED_AUTOS = YES_AGGRESSIVE;
				GCC_WARN_UNUSED_FUNCTION = YES;
				GCC_WARN_UNUSED_VARIABLE = YES;
				IPHONEOS_DEPLOYMENT_TARGET = 11.4;
				MTL_ENABLE_DEBUG_INFO = NO;
				SDKROOT = iphoneos;
				SWIFT_COMPILATION_MODE = wholemodule;
				SWIFT_OPTIMIZATION_LEVEL = "-O";
				VALIDATE_PRODUCT = YES;
			};
			name = Release;
		};
		8E7A13BA21283C860097D9B6 /* Debug */ = {
			isa = XCBuildConfiguration;
			baseConfigurationReference = FC4E20D39F2ED18CC7362026 /* Pods-KhurramLineStatusApp.debug.xcconfig */;
			buildSettings = {
				ASSETCATALOG_COMPILER_APPICON_NAME = AppIcon;
				CODE_SIGN_STYLE = Automatic;
				INFOPLIST_FILE = KhurramLineStatusApp/Info.plist;
				LD_RUNPATH_SEARCH_PATHS = (
					"$(inherited)",
					"@executable_path/Frameworks",
				);
				PRODUCT_BUNDLE_IDENTIFIER = Student.KhurramLineStatusApp;
				PRODUCT_NAME = "$(TARGET_NAME)";
				SWIFT_VERSION = 4.0;
				TARGETED_DEVICE_FAMILY = "1,2";
			};
			name = Debug;
		};
		8E7A13BB21283C860097D9B6 /* Release */ = {
			isa = XCBuildConfiguration;
			baseConfigurationReference = 771AB1C99E6558FA0D554BDF /* Pods-KhurramLineStatusApp.release.xcconfig */;
			buildSettings = {
				ASSETCATALOG_COMPILER_APPICON_NAME = AppIcon;
				CODE_SIGN_STYLE = Automatic;
				INFOPLIST_FILE = KhurramLineStatusApp/Info.plist;
				LD_RUNPATH_SEARCH_PATHS = (
					"$(inherited)",
					"@executable_path/Frameworks",
				);
				PRODUCT_BUNDLE_IDENTIFIER = Student.KhurramLineStatusApp;
				PRODUCT_NAME = "$(TARGET_NAME)";
				SWIFT_VERSION = 4.0;
				TARGETED_DEVICE_FAMILY = "1,2";
			};
			name = Release;
		};
		8E7A13BD21283C860097D9B6 /* Debug */ = {
			isa = XCBuildConfiguration;
			baseConfigurationReference = C496C09C59F3BB0AD394B452 /* Pods-KhurramLineStatusAppTests.debug.xcconfig */;
			buildSettings = {
				ALWAYS_EMBED_SWIFT_STANDARD_LIBRARIES = YES;
				BUNDLE_LOADER = "$(TEST_HOST)";
				CODE_SIGN_STYLE = Automatic;
				DEVELOPMENT_TEAM = V25K3B9WCQ;
				INFOPLIST_FILE = KhurramLineStatusAppTests/Info.plist;
				LD_RUNPATH_SEARCH_PATHS = (
					"$(inherited)",
					"@executable_path/Frameworks",
					"@loader_path/Frameworks",
				);
				PRODUCT_BUNDLE_IDENTIFIER = Student.KhurramLineStatusAppTests;
				PRODUCT_NAME = "$(TARGET_NAME)";
				SWIFT_VERSION = 4.0;
				TARGETED_DEVICE_FAMILY = "1,2";
				TEST_HOST = "$(BUILT_PRODUCTS_DIR)/KhurramLineStatusApp.app/KhurramLineStatusApp";
			};
			name = Debug;
		};
		8E7A13BE21283C860097D9B6 /* Release */ = {
			isa = XCBuildConfiguration;
			baseConfigurationReference = CEB1DEC95B526E9E9A989948 /* Pods-KhurramLineStatusAppTests.release.xcconfig */;
			buildSettings = {
				ALWAYS_EMBED_SWIFT_STANDARD_LIBRARIES = YES;
				BUNDLE_LOADER = "$(TEST_HOST)";
				CODE_SIGN_STYLE = Automatic;
				DEVELOPMENT_TEAM = V25K3B9WCQ;
				INFOPLIST_FILE = KhurramLineStatusAppTests/Info.plist;
				LD_RUNPATH_SEARCH_PATHS = (
					"$(inherited)",
					"@executable_path/Frameworks",
					"@loader_path/Frameworks",
				);
				PRODUCT_BUNDLE_IDENTIFIER = Student.KhurramLineStatusAppTests;
				PRODUCT_NAME = "$(TARGET_NAME)";
				SWIFT_VERSION = 4.0;
				TARGETED_DEVICE_FAMILY = "1,2";
				TEST_HOST = "$(BUILT_PRODUCTS_DIR)/KhurramLineStatusApp.app/KhurramLineStatusApp";
			};
			name = Release;
		};
		8E7A13C021283C860097D9B6 /* Debug */ = {
			isa = XCBuildConfiguration;
			baseConfigurationReference = 5569BB3AD8C1BEAFF87224B7 /* Pods-KhurramLineStatusAppUITests.debug.xcconfig */;
			buildSettings = {
				ALWAYS_EMBED_SWIFT_STANDARD_LIBRARIES = YES;
				CODE_SIGN_STYLE = Automatic;
				INFOPLIST_FILE = KhurramLineStatusAppUITests/Info.plist;
				LD_RUNPATH_SEARCH_PATHS = (
					"$(inherited)",
					"@executable_path/Frameworks",
					"@loader_path/Frameworks",
				);
				PRODUCT_BUNDLE_IDENTIFIER = Student.KhurramLineStatusAppUITests;
				PRODUCT_NAME = "$(TARGET_NAME)";
				SWIFT_VERSION = 4.0;
				TARGETED_DEVICE_FAMILY = "1,2";
				TEST_TARGET_NAME = KhurramLineStatusApp;
			};
			name = Debug;
		};
		8E7A13C121283C860097D9B6 /* Release */ = {
			isa = XCBuildConfiguration;
			baseConfigurationReference = A55F36E6D6BEFF212B09938D /* Pods-KhurramLineStatusAppUITests.release.xcconfig */;
			buildSettings = {
				ALWAYS_EMBED_SWIFT_STANDARD_LIBRARIES = YES;
				CODE_SIGN_STYLE = Automatic;
				INFOPLIST_FILE = KhurramLineStatusAppUITests/Info.plist;
				LD_RUNPATH_SEARCH_PATHS = (
					"$(inherited)",
					"@executable_path/Frameworks",
					"@loader_path/Frameworks",
				);
				PRODUCT_BUNDLE_IDENTIFIER = Student.KhurramLineStatusAppUITests;
				PRODUCT_NAME = "$(TARGET_NAME)";
				SWIFT_VERSION = 4.0;
				TARGETED_DEVICE_FAMILY = "1,2";
				TEST_TARGET_NAME = KhurramLineStatusApp;
			};
			name = Release;
		};
/* End XCBuildConfiguration section */

/* Begin XCConfigurationList section */
		8E7A138921283C840097D9B6 /* Build configuration list for PBXProject "KhurramLineStatusApp" */ = {
			isa = XCConfigurationList;
			buildConfigurations = (
				8E7A13B721283C860097D9B6 /* Debug */,
				8E7A13B821283C860097D9B6 /* Release */,
			);
			defaultConfigurationIsVisible = 0;
			defaultConfigurationName = Release;
		};
		8E7A13B921283C860097D9B6 /* Build configuration list for PBXNativeTarget "KhurramLineStatusApp" */ = {
			isa = XCConfigurationList;
			buildConfigurations = (
				8E7A13BA21283C860097D9B6 /* Debug */,
				8E7A13BB21283C860097D9B6 /* Release */,
			);
			defaultConfigurationIsVisible = 0;
			defaultConfigurationName = Release;
		};
		8E7A13BC21283C860097D9B6 /* Build configuration list for PBXNativeTarget "KhurramLineStatusAppTests" */ = {
			isa = XCConfigurationList;
			buildConfigurations = (
				8E7A13BD21283C860097D9B6 /* Debug */,
				8E7A13BE21283C860097D9B6 /* Release */,
			);
			defaultConfigurationIsVisible = 0;
			defaultConfigurationName = Release;
		};
		8E7A13BF21283C860097D9B6 /* Build configuration list for PBXNativeTarget "KhurramLineStatusAppUITests" */ = {
			isa = XCConfigurationList;
			buildConfigurations = (
				8E7A13C021283C860097D9B6 /* Debug */,
				8E7A13C121283C860097D9B6 /* Release */,
			);
			defaultConfigurationIsVisible = 0;
			defaultConfigurationName = Release;
		};
/* End XCConfigurationList section */

/* Begin XCVersionGroup section */
		8E7A139821283C840097D9B6 /* KhurramLineStatusApp.xcdatamodeld */ = {
			isa = XCVersionGroup;
			children = (
				8E7A139921283C840097D9B6 /* KhurramLineStatusApp.xcdatamodel */,
			);
			currentVersion = 8E7A139921283C840097D9B6 /* KhurramLineStatusApp.xcdatamodel */;
			path = KhurramLineStatusApp.xcdatamodeld;
			sourceTree = "<group>";
			versionGroupType = wrapper.xcdatamodel;
		};
/* End XCVersionGroup section */
	};
	rootObject = 8E7A138621283C840097D9B6 /* Project object */;
}
